
Microsoft Visual Studio Solution File, Format Version 12.00
# Visual Studio Version 17
VisualStudioVersion = 17.8.34309.116
MinimumVisualStudioVersion = 10.0.40219.1
Project("{FAE04EC0-301F-11D3-BF4B-00C04F79EFBC}") = "BlazingBlogV2", "BlazingBlogV2\BlazingBlogV2.csproj", "{5FA4807D-AC6E-4E46-A41F-945EB79A1C0A}"
EndProject
Global
	GlobalSection(SolutionConfigurationPlatforms) = preSolution
		Debug|Any CPU = Debug|Any CPU
		Release|Any CPU = Release|Any CPU
	EndGlobalSection
	GlobalSection(ProjectConfigurationPlatforms) = postSolution
		{5FA4807D-AC6E-4E46-A41F-945EB79A1C0A}.Debug|Any CPU.ActiveCfg = Debug|Any CPU
		{5FA4807D-AC6E-4E46-A41F-945EB79A1C0A}.Debug|Any CPU.Build.0 = Debug|Any CPU
		{5FA4807D-AC6E-4E46-A41F-945EB79A1C0A}.Release|Any CPU.ActiveCfg = Release|Any CPU
		{5FA4807D-AC6E-4E46-A41F-945EB79A1C0A}.Release|Any CPU.Build.0 = Release|Any CPU
	EndGlobalSection
	GlobalSection(SolutionProperties) = preSolution
		HideSolutionNode = FALSE
	EndGlobalSection
	GlobalSection(ExtensibilityGlobals) = postSolution
		SolutionGuid = {5B57EEC4-B0ED-42E5-94DA-861D2C1E1C45}
	EndGlobalSection
EndGlobal
